
Microsoft Visual Studio Solution File, Format Version 12.00
# Visual Studio Version 17
VisualStudioVersion = 17.14.36221.1 d17.14
MinimumVisualStudioVersion = 10.0.40219.1
Project("{FAE04EC0-301F-11D3-BF4B-00C04F79EFBC}") = "XmlSocketSigner", "XmlSocketSigner\XmlSocketSigner.csproj", "{B53F1051-B50C-4AB3-B8A1-7144C23F44EF}"
EndProject
Global
	GlobalSection(SolutionConfigurationPlatforms) = preSolution
		Debug|Any CPU = Debug|Any CPU
		Release|Any CPU = Release|Any CPU
	EndGlobalSection
	GlobalSection(ProjectConfigurationPlatforms) = postSolution
		{B53F1051-B50C-4AB3-B8A1-7144C23F44EF}.Debug|Any CPU.ActiveCfg = Debug|Any CPU
		{B53F1051-B50C-4AB3-B8A1-7144C23F44EF}.Debug|Any CPU.Build.0 = Debug|Any CPU
		{B53F1051-B50C-4AB3-B8A1-7144C23F44EF}.Release|Any CPU.ActiveCfg = Release|Any CPU
		{B53F1051-B50C-4AB3-B8A1-7144C23F44EF}.Release|Any CPU.Build.0 = Release|Any CPU
	EndGlobalSection
	GlobalSection(SolutionProperties) = preSolution
		HideSolutionNode = FALSE
	EndGlobalSection
	GlobalSection(ExtensibilityGlobals) = postSolution
		SolutionGuid = {6DADBCB4-7899-4F88-A5F4-72FF099E0C64}
	EndGlobalSection
EndGlobal
